
Microsoft Visual Studio Solution File, Format Version 12.00
# Visual Studio Version 16
VisualStudioVersion = 16.0.32002.261
MinimumVisualStudioVersion = 10.0.40219.1
Project("{FAE04EC0-301F-11D3-BF4B-00C04F79EFBC}") = "LojaVirtualReinaldo", "LojaVirtualReinaldo\LojaVirtualReinaldo.csproj", "{B6C9E7AA-098E-442B-AD80-96A646A11A6B}"
EndProject
Global
	GlobalSection(SolutionConfigurationPlatforms) = preSolution
		Debug|Any CPU = Debug|Any CPU
		Release|Any CPU = Release|Any CPU
	EndGlobalSection
	GlobalSection(ProjectConfigurationPlatforms) = postSolution
		{B6C9E7AA-098E-442B-AD80-96A646A11A6B}.Debug|Any CPU.ActiveCfg = Debug|Any CPU
		{B6C9E7AA-098E-442B-AD80-96A646A11A6B}.Debug|Any CPU.Build.0 = Debug|Any CPU
		{B6C9E7AA-098E-442B-AD80-96A646A11A6B}.Release|Any CPU.ActiveCfg = Release|Any CPU
		{B6C9E7AA-098E-442B-AD80-96A646A11A6B}.Release|Any CPU.Build.0 = Release|Any CPU
	EndGlobalSection
	GlobalSection(SolutionProperties) = preSolution
		HideSolutionNode = FALSE
	EndGlobalSection
	GlobalSection(ExtensibilityGlobals) = postSolution
		SolutionGuid = {F3BEA394-522D-4CD1-B2D6-A29256FB6020}
	EndGlobalSection
EndGlobal
